
Microsoft Visual Studio Solution File, Format Version 12.00
# Visual Studio Version 17
VisualStudioVersion = 17.5.002.0
MinimumVisualStudioVersion = 10.0.40219.1
Project("{9A19103F-16F7-4668-BE54-9A1E7A4F7556}") = "BookMarc.Api", "BookMarc.Api.csproj", "{A7B20FBF-7ED6-4EC6-BF9B-525C02122BE8}"
EndProject
Global
	GlobalSection(SolutionConfigurationPlatforms) = preSolution
		Debug|Any CPU = Debug|Any CPU
		Release|Any CPU = Release|Any CPU
	EndGlobalSection
	GlobalSection(ProjectConfigurationPlatforms) = postSolution
		{A7B20FBF-7ED6-4EC6-BF9B-525C02122BE8}.Debug|Any CPU.ActiveCfg = Debug|Any CPU
		{A7B20FBF-7ED6-4EC6-BF9B-525C02122BE8}.Debug|Any CPU.Build.0 = Debug|Any CPU
		{A7B20FBF-7ED6-4EC6-BF9B-525C02122BE8}.Release|Any CPU.ActiveCfg = Release|Any CPU
		{A7B20FBF-7ED6-4EC6-BF9B-525C02122BE8}.Release|Any CPU.Build.0 = Release|Any CPU
	EndGlobalSection
	GlobalSection(SolutionProperties) = preSolution
		HideSolutionNode = FALSE
	EndGlobalSection
	GlobalSection(ExtensibilityGlobals) = postSolution
		SolutionGuid = {3E366772-E45E-4FFA-9F14-55ED3B533485}
	EndGlobalSection
EndGlobal
